# This file is generated by running "yarn install" inside your project.
# Manual changes might be lost - proceed with caution!

__metadata:
  version: 8
  cacheKey: 10

"@devnotes/api@workspace:apps/api":
  version: 0.0.0-use.local
  resolution: "@devnotes/api@workspace:apps/api"
  languageName: unknown
  linkType: soft

"@devnotes/config@workspace:packages/config":
  version: 0.0.0-use.local
  resolution: "@devnotes/config@workspace:packages/config"
  languageName: unknown
  linkType: soft

"@devnotes/shared@workspace:packages/shared":
  version: 0.0.0-use.local
  resolution: "@devnotes/shared@workspace:packages/shared"
  languageName: unknown
  linkType: soft

"@devnotes/web@workspace:apps/web":
  version: 0.0.0-use.local
  resolution: "@devnotes/web@workspace:apps/web"
  languageName: unknown
  linkType: soft

"@turbo/darwin-64@npm:2.10.12":
  version: 2.10.12
  resolution: "@turbo/darwin-64@npm:2.10.12"
  conditions: os=darwin & cpu=x64
  languageName: node
  linkType: hard

"@turbo/darwin-arm64@npm:2.10.12":
  version: 2.10.12
  resolution: "@turbo/darwin-arm64@npm:2.10.12"
  conditions: os=darwin & cpu=arm64
  languageName: node
  linkType: hard

"@turbo/linux-64@npm:2.10.12":
  version: 2.10.12
  resolution: "@turbo/linux-64@npm:2.10.12"
  conditions: (os=android | os=linux) & cpu=x64
  languageName: node
  linkType: hard

"@turbo/linux-arm64@npm:2.10.12":
  version: 2.10.12
  resolution: "@turbo/linux-arm64@npm:2.10.12"
  conditions: (os=android | os=linux) & cpu=arm64
  languageName: node
  linkType: hard

"@turbo/windows-64@npm:2.10.12":
  version: 2.10.12
  resolution: "@turbo/windows-64@npm:2.10.12"
  conditions: os=win32 & cpu=x64
  languageName: node
  linkType: hard

"@turbo/windows-arm64@npm:2.10.12":
  version: 2.10.12
  resolution: "@turbo/windows-arm64@npm:2.10.12"
  conditions: os=win32 & cpu=arm64
  languageName: node
  linkType: hard

"devnotes-ai@workspace:.":
  version: 0.0.0-use.local
  resolution: "devnotes-ai@workspace:."
  dependencies:
    prettier: "npm:^3.3.0"
    turbo: "npm:^2.3.0"
    typescript: "npm:^5.6.0"
  languageName: unknown
  linkType: soft

"prettier@npm:^3.3.0":
  version: 3.9.6
  resolution: "prettier@npm:3.9.6"
  bin:
    prettier: bin/prettier.cjs
  checksum: 10/1dd1a1e0e40ec3b91cda9d294c4a95022aef61880ca3f441aad99b1252279f58a766c4cece81132c01550dcff1fd445efbd8812ea4a2374313e7fc6c8136f11f
  languageName: node
  linkType: hard

"turbo@npm:^2.3.0":
  version: 2.10.12
  resolution: "turbo@npm:2.10.12"
  dependencies:
    "@turbo/darwin-64": "npm:2.10.12"
    "@turbo/darwin-arm64": "npm:2.10.12"
    "@turbo/linux-64": "npm:2.10.12"
    "@turbo/linux-arm64": "npm:2.10.12"
    "@turbo/windows-64": "npm:2.10.12"
    "@turbo/windows-arm64": "npm:2.10.12"
  dependenciesMeta:
    "@turbo/darwin-64":
      optional: true
    "@turbo/darwin-arm64":
      optional: true
    "@turbo/linux-64":
      optional: true
    "@turbo/linux-arm64":
      optional: true
    "@turbo/windows-64":
      optional: true
    "@turbo/windows-arm64":
      optional: true
  bin:
    turbo: bin/turbo
  checksum: 10/d92ff6c947dacd9a25ceed9267ad45ec3ee89ca7776e8b4851098c234d811e090656958f52c72a1ee6e1d825a29907d649775f1feb4c628a38194d522c659e27
  languageName: node
  linkType: hard

"typescript@npm:^5.6.0":
  version: 5.9.3
  resolution: "typescript@npm:5.9.3"
  bin:
    tsc: bin/tsc
    tsserver: bin/tsserver
  checksum: 10/c089d9d3da2729fd4ac517f9b0e0485914c4b3c26f80dc0cffcb5de1719a17951e92425d55db59515c1a7ddab65808466debb864d0d56dcf43f27007d0709594
  languageName: node
  linkType: hard

"typescript@patch:typescript@npm%3A^5.6.0#optional!builtin<compat/typescript>":
  version: 5.9.3
  resolution: "typescript@patch:typescript@npm%3A5.9.3#optional!builtin<compat/typescript>::version=5.9.3&hash=8c6c40"
  bin:
    tsc: bin/tsc
    tsserver: bin/tsserver
  checksum: 10/5d416ad4f2ea564f515a3f919e901edbfa4b497cc17dd325c5726046c3eef7ed22d1f59c787267d478311f6f0a265ff790f8a6c7e9df3ea3471458f5ec81e8b7
  languageName: node
  linkType: hard
